
Microsoft Visual Studio Solution File, Format Version 12.00
# Visual Studio Version 16
VisualStudioVersion = 16.0.30104.148
MinimumVisualStudioVersion = 10.0.40219.1
Project("{FAE04EC0-301F-11D3-BF4B-00C04F79EFBC}") = "ler_salvar_arquivos", "ler_salvar_arquivos\ler_salvar_arquivos.csproj", "{88271DED-46DE-42DF-9717-846E34BF94A5}"
EndProject
Global
	GlobalSection(SolutionConfigurationPlatforms) = preSolution
		Debug|Any CPU = Debug|Any CPU
		Release|Any CPU = Release|Any CPU
	EndGlobalSection
	GlobalSection(ProjectConfigurationPlatforms) = postSolution
		{88271DED-46DE-42DF-9717-846E34BF94A5}.Debug|Any CPU.ActiveCfg = Debug|Any CPU
		{88271DED-46DE-42DF-9717-846E34BF94A5}.Debug|Any CPU.Build.0 = Debug|Any CPU
		{88271DED-46DE-42DF-9717-846E34BF94A5}.Release|Any CPU.ActiveCfg = Release|Any CPU
		{88271DED-46DE-42DF-9717-846E34BF94A5}.Release|Any CPU.Build.0 = Release|Any CPU
	EndGlobalSection
	GlobalSection(SolutionProperties) = preSolution
		HideSolutionNode = FALSE
	EndGlobalSection
	GlobalSection(ExtensibilityGlobals) = postSolution
		SolutionGuid = {C2A0D49F-A871-4C2C-B28C-144BAA099B73}
	EndGlobalSection
EndGlobal
